
Microsoft Visual Studio Solution File, Format Version 12.00
# Visual Studio Version 17
VisualStudioVersion = 17.11.35327.3
MinimumVisualStudioVersion = 10.0.40219.1
Project("{FAE04EC0-301F-11D3-BF4B-00C04F79EFBC}") = "test", "test.csproj", "{E4177351-8625-42BB-9A2B-8C923245244C}"
EndProject
Global
	GlobalSection(SolutionConfigurationPlatforms) = preSolution
		Debug|Any CPU = Debug|Any CPU
		Release|Any CPU = Release|Any CPU
	EndGlobalSection
	GlobalSection(ProjectConfigurationPlatforms) = postSolution
		{E4177351-8625-42BB-9A2B-8C923245244C}.Debug|Any CPU.ActiveCfg = Debug|Any CPU
		{E4177351-8625-42BB-9A2B-8C923245244C}.Debug|Any CPU.Build.0 = Debug|Any CPU
		{E4177351-8625-42BB-9A2B-8C923245244C}.Release|Any CPU.ActiveCfg = Release|Any CPU
		{E4177351-8625-42BB-9A2B-8C923245244C}.Release|Any CPU.Build.0 = Release|Any CPU
	EndGlobalSection
	GlobalSection(SolutionProperties) = preSolution
		HideSolutionNode = FALSE
	EndGlobalSection
	GlobalSection(ExtensibilityGlobals) = postSolution
		SolutionGuid = {4F1775FE-751E-467C-BBE5-DFF39CEA2664}
	EndGlobalSection
EndGlobal
